
Microsoft Visual Studio Solution File, Format Version 12.00
# Visual Studio Version 17
VisualStudioVersion = 17.9.34728.123
MinimumVisualStudioVersion = 10.0.40219.1
Project("{FAE04EC0-301F-11D3-BF4B-00C04F79EFBC}") = "ForTheExam_is_22_06.MyConsole", "ForTheExam_is_22_06.MyConsole\ForTheExam_is_22_06.MyConsole.csproj", "{534755E9-5D4A-42AB-A4C9-3820091D6F82}"
EndProject
Project("{FAE04EC0-301F-11D3-BF4B-00C04F79EFBC}") = "ForTheExam_is_22_06.DB", "ForTheExam_is_22_06.DB\ForTheExam_is_22_06.DB.csproj", "{1EDCB0AF-5EC9-4B8A-96F8-DBE51A2E4FF1}"
EndProject
Project("{FAE04EC0-301F-11D3-BF4B-00C04F79EFBC}") = "ForTheExam_is_22_06.MyWPF", "ForTheExam_is_22_06.MyWPF\ForTheExam_is_22_06.MyWPF.csproj", "{426559EA-24CC-4316-836B-52C151A1D6F4}"
EndProject
Global
	GlobalSection(SolutionConfigurationPlatforms) = preSolution
		Debug|Any CPU = Debug|Any CPU
		Release|Any CPU = Release|Any CPU
	EndGlobalSection
	GlobalSection(ProjectConfigurationPlatforms) = postSolution
		{534755E9-5D4A-42AB-A4C9-3820091D6F82}.Debug|Any CPU.ActiveCfg = Debug|Any CPU
		{534755E9-5D4A-42AB-A4C9-3820091D6F82}.Debug|Any CPU.Build.0 = Debug|Any CPU
		{534755E9-5D4A-42AB-A4C9-3820091D6F82}.Release|Any CPU.ActiveCfg = Release|Any CPU
		{534755E9-5D4A-42AB-A4C9-3820091D6F82}.Release|Any CPU.Build.0 = Release|Any CPU
		{1EDCB0AF-5EC9-4B8A-96F8-DBE51A2E4FF1}.Debug|Any CPU.ActiveCfg = Debug|Any CPU
		{1EDCB0AF-5EC9-4B8A-96F8-DBE51A2E4FF1}.Debug|Any CPU.Build.0 = Debug|Any CPU
		{1EDCB0AF-5EC9-4B8A-96F8-DBE51A2E4FF1}.Release|Any CPU.ActiveCfg = Release|Any CPU
		{1EDCB0AF-5EC9-4B8A-96F8-DBE51A2E4FF1}.Release|Any CPU.Build.0 = Release|Any CPU
		{426559EA-24CC-4316-836B-52C151A1D6F4}.Debug|Any CPU.ActiveCfg = Debug|Any CPU
		{426559EA-24CC-4316-836B-52C151A1D6F4}.Debug|Any CPU.Build.0 = Debug|Any CPU
		{426559EA-24CC-4316-836B-52C151A1D6F4}.Release|Any CPU.ActiveCfg = Release|Any CPU
		{426559EA-24CC-4316-836B-52C151A1D6F4}.Release|Any CPU.Build.0 = Release|Any CPU
	EndGlobalSection
	GlobalSection(SolutionProperties) = preSolution
		HideSolutionNode = FALSE
	EndGlobalSection
	GlobalSection(ExtensibilityGlobals) = postSolution
		SolutionGuid = {68F7DB61-6EDB-4A09-BBEE-0D14825E56F3}
	EndGlobalSection
EndGlobal
